
Microsoft Visual Studio Solution File, Format Version 12.00
# Visual Studio Version 17
VisualStudioVersion = 17.5.33516.290
MinimumVisualStudioVersion = 10.0.40219.1
Project("{8BC9CEB8-8B4A-11D0-8D11-00A0C91BC942}") = "DelaunayTriangulation", "DelaunayTriangulation.vcxproj", "{5BF3E39D-1635-4813-BB4B-14D7DF365162}"
EndProject
Global
	GlobalSection(SolutionConfigurationPlatforms) = preSolution
		Debug|x64 = Debug|x64
		Debug|x86 = Debug|x86
		Release|x64 = Release|x64
		Release|x86 = Release|x86
	EndGlobalSection
	GlobalSection(ProjectConfigurationPlatforms) = postSolution
		{5BF3E39D-1635-4813-BB4B-14D7DF365162}.Debug|x64.ActiveCfg = Debug|x64
		{5BF3E39D-1635-4813-BB4B-14D7DF365162}.Debug|x64.Build.0 = Debug|x64
		{5BF3E39D-1635-4813-BB4B-14D7DF365162}.Debug|x86.ActiveCfg = Debug|Win32
		{5BF3E39D-1635-4813-BB4B-14D7DF365162}.Debug|x86.Build.0 = Debug|Win32
		{5BF3E39D-1635-4813-BB4B-14D7DF365162}.Release|x64.ActiveCfg = Release|x64
		{5BF3E39D-1635-4813-BB4B-14D7DF365162}.Release|x64.Build.0 = Release|x64
		{5BF3E39D-1635-4813-BB4B-14D7DF365162}.Release|x86.ActiveCfg = Release|Win32
		{5BF3E39D-1635-4813-BB4B-14D7DF365162}.Release|x86.Build.0 = Release|Win32
	EndGlobalSection
	GlobalSection(SolutionProperties) = preSolution
		HideSolutionNode = FALSE
	EndGlobalSection
	GlobalSection(ExtensibilityGlobals) = postSolution
		SolutionGuid = {A06D8688-8842-444A-8C41-0276A3F9163D}
	EndGlobalSection
EndGlobal
